
Microsoft Visual Studio Solution File, Format Version 12.00
# Visual Studio Version 17
VisualStudioVersion = 17.14.36301.6 d17.14
MinimumVisualStudioVersion = 10.0.40219.1
Project("{FAE04EC0-301F-11D3-BF4B-00C04F79EFBC}") = "Company.PL", "Company.PL\Company.PL.csproj", "{196DF5A3-3C90-4EF7-8FE7-16033DA867D6}"
EndProject
Project("{FAE04EC0-301F-11D3-BF4B-00C04F79EFBC}") = "Company.DAL", "Company.DAL\Company.DAL.csproj", "{B46E9406-83BD-43AC-8B81-137A932006DC}"
EndProject
Project("{FAE04EC0-301F-11D3-BF4B-00C04F79EFBC}") = "Company.BLL", "Company.BLL\Company.BLL.csproj", "{D855FF3D-AF41-4B7D-8DA0-0E0C6D68D2C7}"
EndProject
Global
	GlobalSection(SolutionConfigurationPlatforms) = preSolution
		Debug|Any CPU = Debug|Any CPU
		Release|Any CPU = Release|Any CPU
	EndGlobalSection
	GlobalSection(ProjectConfigurationPlatforms) = postSolution
		{196DF5A3-3C90-4EF7-8FE7-16033DA867D6}.Debug|Any CPU.ActiveCfg = Debug|Any CPU
		{196DF5A3-3C90-4EF7-8FE7-16033DA867D6}.Debug|Any CPU.Build.0 = Debug|Any CPU
		{196DF5A3-3C90-4EF7-8FE7-16033DA867D6}.Release|Any CPU.ActiveCfg = Release|Any CPU
		{196DF5A3-3C90-4EF7-8FE7-16033DA867D6}.Release|Any CPU.Build.0 = Release|Any CPU
		{B46E9406-83BD-43AC-8B81-137A932006DC}.Debug|Any CPU.ActiveCfg = Debug|Any CPU
		{B46E9406-83BD-43AC-8B81-137A932006DC}.Debug|Any CPU.Build.0 = Debug|Any CPU
		{B46E9406-83BD-43AC-8B81-137A932006DC}.Release|Any CPU.ActiveCfg = Release|Any CPU
		{B46E9406-83BD-43AC-8B81-137A932006DC}.Release|Any CPU.Build.0 = Release|Any CPU
		{D855FF3D-AF41-4B7D-8DA0-0E0C6D68D2C7}.Debug|Any CPU.ActiveCfg = Debug|Any CPU
		{D855FF3D-AF41-4B7D-8DA0-0E0C6D68D2C7}.Debug|Any CPU.Build.0 = Debug|Any CPU
		{D855FF3D-AF41-4B7D-8DA0-0E0C6D68D2C7}.Release|Any CPU.ActiveCfg = Release|Any CPU
		{D855FF3D-AF41-4B7D-8DA0-0E0C6D68D2C7}.Release|Any CPU.Build.0 = Release|Any CPU
	EndGlobalSection
	GlobalSection(SolutionProperties) = preSolution
		HideSolutionNode = FALSE
	EndGlobalSection
	GlobalSection(ExtensibilityGlobals) = postSolution
		SolutionGuid = {E72B75CA-91B8-4669-8B04-0AC48F74B341}
	EndGlobalSection
EndGlobal
